# generated by rye
# use `rye lock` or `rye sync` to update this lockfile
#
# last locked with the following flags:
#   pre: false
#   features: []
#   all-features: false
#   with-sources: false

-e file:.
arcade==3.0.0.dev25
    # via pyweek37
attrs==23.2.0
    # via pytiled-parser
cffi==1.16.0
    # via pymunk
pillow==10.0.1
    # via arcade
pycparser==2.21
    # via cffi
pyglet==2.0.14
    # via arcade
pymunk==6.5.2
    # via arcade
pytiled-parser==2.2.3
    # via arcade
typing-extensions==4.10.0
    # via pytiled-parser
